<?xml version="1.0" encoding="utf-8"?>
<Project ToolsVersion="4.0" xmlns="http://schemas.microsoft.com/developer/msbuild/2003">
  <ItemGroup>
    <ClCompile Include="Main.cpp" />
    <ClCompile Include="Item 01 Pointers and References.cpp">
      <Filter>1 Basics</Filter>
    </ClCompile>
    <ClCompile Include="Item 03 Arrays are not polymorphic.cpp">
      <Filter>1 Basics</Filter>
    </ClCompile>
    <ClCompile Include="Item 02 CPP style casts.cpp">
      <Filter>1 Basics</Filter>
    </ClCompile>
    <ClCompile Include="Item 04 Dont just make default ctors.cpp">
      <Filter>1 Basics</Filter>
    </ClCompile>
  </ItemGroup>
  <ItemGroup>
    <Filter Include="0 Introduction">
      <UniqueIdentifier>{f7c0cfb3-85eb-45e0-8c67-1b49119e9f9c}</UniqueIdentifier>
    </Filter>
    <Filter Include="1 Basics">
      <UniqueIdentifier>{d74befe4-b096-4f50-a3f3-89f0921149cd}</UniqueIdentifier>
    </Filter>
    <Filter Include="2 Operators">
      <UniqueIdentifier>{06b28163-310e-4646-af41-34628a73a2d8}</UniqueIdentifier>
    </Filter>
    <Filter Include="3 Exceptions">
      <UniqueIdentifier>{365accea-dc00-480a-a611-3602316ec58a}</UniqueIdentifier>
    </Filter>
    <Filter Include="4 Efficiency">
      <UniqueIdentifier>{d139dc33-61e5-486f-bb69-6c0932d7b921}</UniqueIdentifier>
    </Filter>
    <Filter Include="5 Techniques">
      <UniqueIdentifier>{6db655f2-1289-49e5-bcf5-004eabd13979}</UniqueIdentifier>
    </Filter>
    <Filter Include="6 Miscellany">
      <UniqueIdentifier>{53ac3d84-fb3f-48f5-9903-e5eebf994b38}</UniqueIdentifier>
    </Filter>
  </ItemGroup>
</Project>